{
  "version": 4,
  "terraform_version": "1.5.7",
  "serial": 6,
  "lineage": "339391fd-8da1-52f2-9099-78219429b48a",
  "outputs": {},
  "resources": [
    {
      "mode": "managed",
      "type": "google_container_cluster",
      "name": "gke_cluster",
      "provider": "provider[\"registry.terraform.io/hashicorp/google\"]",
      "instances": [
        {
          "schema_version": 2,
          "attributes": {
            "addons_config": [
              {
                "cloudrun_config": [],
                "config_connector_config": [],
                "dns_cache_config": [],
                "gce_persistent_disk_csi_driver_config": [
                  {
                    "enabled": true
                  }
                ],
                "gcp_filestore_csi_driver_config": [],
                "gcs_fuse_csi_driver_config": [],
                "gke_backup_agent_config": [],
                "horizontal_pod_autoscaling": [],
                "http_load_balancing": [],
                "network_policy_config": [
                  {
                    "disabled": true
                  }
                ],
                "parallelstore_csi_driver_config": [],
                "ray_operator_config": [],
                "stateful_ha_config": []
              }
            ],
            "allow_net_admin": null,
            "authenticator_groups_config": [],
            "binary_authorization": [
              {
                "enabled": false,
                "evaluation_mode": ""
              }
            ],
            "cluster_autoscaling": [
              {
                "auto_provisioning_defaults": [],
                "auto_provisioning_locations": [],
                "autoscaling_profile": "BALANCED",
                "enabled": false,
                "resource_limits": []
              }
            ],
            "cluster_ipv4_cidr": "10.8.0.0/14",
            "confidential_nodes": [],
            "control_plane_endpoints_config": [
              {
                "dns_endpoint_config": [
                  {
                    "allow_external_traffic": false,
                    "endpoint": "gke-ccca8a1e7e5541878710b1f030e2ebc547b0-1023035917508.us-central1-a.gke.goog"
                  }
                ]
              }
            ],
            "cost_management_config": [],
            "database_encryption": [
              {
                "key_name": "",
                "state": "DECRYPTED"
              }
            ],
            "datapath_provider": "",
            "default_max_pods_per_node": 110,
            "default_snat_status": [
              {
                "disabled": false
              }
            ],
            "deletion_protection": true,
            "description": "",
            "dns_config": [],
            "effective_labels": {
              "goog-terraform-provisioned": "true"
            },
            "enable_autopilot": false,
            "enable_cilium_clusterwide_network_policy": false,
            "enable_fqdn_network_policy": false,
            "enable_intranode_visibility": false,
            "enable_k8s_beta_apis": [],
            "enable_kubernetes_alpha": false,
            "enable_l4_ilb_subsetting": false,
            "enable_legacy_abac": false,
            "enable_multi_networking": false,
            "enable_shielded_nodes": true,
            "enable_tpu": false,
            "endpoint": "34.59.145.113",
            "enterprise_config": [
              {
                "cluster_tier": "STANDARD",
                "desired_tier": ""
              }
            ],
            "fleet": [],
            "gateway_api_config": [],
            "id": "projects/kubernetes-assignment-454116/locations/us-central1-a/clusters/ekta-gke-cluster",
            "identity_service_config": [],
            "initial_node_count": 1,
            "ip_allocation_policy": [
              {
                "additional_pod_ranges_config": [],
                "cluster_ipv4_cidr_block": "10.8.0.0/14",
                "cluster_secondary_range_name": "gke-ekta-gke-cluster-pods-ccca8a1e",
                "pod_cidr_overprovision_config": [
                  {
                    "disabled": false
                  }
                ],
                "services_ipv4_cidr_block": "34.118.224.0/20",
                "services_secondary_range_name": "",
                "stack_type": "IPV4"
              }
            ],
            "label_fingerprint": "78cdf2f6",
            "location": "us-central1-a",
            "logging_config": [
              {
                "enable_components": [
                  "SYSTEM_COMPONENTS",
                  "WORKLOADS"
                ]
              }
            ],
            "logging_service": "logging.googleapis.com/kubernetes",
            "maintenance_policy": [],
            "master_auth": [
              {
                "client_certificate": "",
                "client_certificate_config": [
                  {
                    "issue_client_certificate": false
                  }
                ],
                "client_key": "",
                "cluster_ca_certificate": "LS0tLS1CRUdJTiBDRVJUSUZJQ0FURS0tLS0tCk1JSUVMRENDQXBTZ0F3SUJBZ0lRWURMZVJLQ24xajFYR2s0dkxtMG9GekFOQmdrcWhraUc5dzBCQVFzRkFEQXYKTVMwd0t3WURWUVFERXlRd1pqTTJNR0l3TmkweU5XSTNMVFJpTW1FdFlXTmlPQzAxTkdVd1pESTROelJtT0RndwpJQmNOTWpVd016SXpNVFF4TVRRM1doZ1BNakExTlRBek1UWXhOVEV4TkRkYU1DOHhMVEFyQmdOVkJBTVRKREJtCk16WXdZakEyTFRJMVlqY3ROR0l5WVMxaFkySTRMVFUwWlRCa01qZzNOR1k0T0RDQ0FhSXdEUVlKS29aSWh2Y04KQVFFQkJRQURnZ0dQQURDQ0FZb0NnZ0dCQU5VcFJHSXJOTXc3MTdVZlpUQVl6OG9KWjhtellablJvRDl1WXZjYQo1OFFaSmo5T3c3MXFBQ0M5WjZTbGc4VFZybGdqbEFNaUY3OGcxaWpkb2YwOWJXTDJlOWxYUlBXL2dBKzg3dmdLCjl1dHVQQ2hHV0RacERJQldrWGhreDFzTXdQaS9FalN6TUxVM3JsdmZYTE5uMy9tY25mTm45VE1qclUxYWZkYUwKekpFN1NxbUtaSmhjV2NZYWwzRkVmOWtyRW9ncUZLY0V0ajNlRjk0Rzg2RXRFMG9KbnAybmgxWmxJSllHWTkxQwpMRUVaVEt0UURFN2RPK09CTFBpTUh2Mkl1eVBYRlFRc2hmYzRYZE1ZODdOakg4TDN4NkMvRE9jZERJMkZLeVFOCnZMdUFEUGdLV1FhVmYwVFBrMGw4cU5tdkltZlQvcm96S00vekxGOHpKOGNST3pyZHgzcTQwWmkvMmdPcGlmdTAKTERUWHFJZ3hzUDlqUEc3UFdhaDRUdlVmSm1lUTZhb1VrMlV6Q0FUWVBiLzZpbG5Bc2k3TjlkV3JHWjRGTU9OVwpYQ08yTk9sYlRxbCtzVU1zUWNpYlFFbmlzcFpGekJoMkVvSlNRRm5CVzd3Y3FJTGlnTncvZFJqdHJ4U1JabGZWCi9iRWtQOUZqTE9LaWF1WnFoaGl3QllQMkR3SURBUUFCbzBJd1FEQU9CZ05WSFE4QkFmOEVCQU1DQWdRd0R3WUQKVlIwVEFRSC9CQVV3QXdFQi96QWRCZ05WSFE0RUZnUVVCVDkzLzk0aEpDZ2J3dDBYTjJ4akhReVh4cEV3RFFZSgpLb1pJaHZjTkFRRUxCUUFEZ2dHQkFGSW5lMVBKcGdybVRpUnJWaG1CT015RUZkUjEzcVJEeU01eUhPU1Q1WXRkCmQ3MzVDMUZ2VVVrY0lRQTNKVDE5VW90bkJkMm03NmFkSUZLWllDVFd5OTJRaGxiMitOL0xNTzlhalRrRVNmTjgKVWhSS2o1NVpnWkZlOUVGZWdYYUMrcmcxem9ieW5iYjI1MGFaWW1VTG5teFJXRlhGQ20zQ2ZkOGppWXNEcGVNZQpjcWdoT29KY1crQ3NReXJYSUErUU5uZmN3UlZnek41bkdDTVFMVlVxd2I1NlR5azZ6ekF5UGdDbHJWRFdvR1UvCldMdHdaMzVoR2dFN2RUdzdVZDV4QXBpSXhQTWlKYnVFUk9GamhoWnk2UkV4bnBDWkpzY3B0VjZMYi8yZHYwV20KSlcrWHJCdGFxQnlpRUtOMThTeXZtYW9BcVJNem9PNXA1QlQyZkd1Rnc3cEZGRDhWNjRqbDRhOXlTODhUeEIvbApwVXFWYml0ZzNUWGpJSm5aMXZocDhraTJQM0R2T3I2UDVEN3QwbmpnM1A4Yk1PTWVsbllzOFFBaWNkVWEya1VWCkVGSHBnQ01rVU10YWdUbEJkRjBIK3A5cWlHYmNGTzVTQjFoZ2JndTJ4aFlWRVVCejJZaCszZzJ4VFJxYzlQN0MKOTdSQ1V1UFBWS1MzRUhLZzI4bjZoQT09Ci0tLS0tRU5EIENFUlRJRklDQVRFLS0tLS0K"
              }
            ],
            "master_authorized_networks_config": [],
            "master_version": "1.31.6-gke.1020000",
            "mesh_certificates": [],
            "min_master_version": null,
            "monitoring_config": [
              {
                "advanced_datapath_observability_config": [
                  {
                    "enable_metrics": false,
                    "enable_relay": false
                  }
                ],
                "enable_components": [
                  "SYSTEM_COMPONENTS",
                  "DEPLOYMENT",
                  "STATEFULSET",
                  "STORAGE",
                  "HPA",
                  "POD",
                  "DAEMONSET",
                  "CADVISOR",
                  "KUBELET"
                ],
                "managed_prometheus": [
                  {
                    "enabled": true
                  }
                ]
              }
            ],
            "monitoring_service": "monitoring.googleapis.com/kubernetes",
            "name": "ekta-gke-cluster",
            "network": "projects/kubernetes-assignment-454116/global/networks/default",
            "network_policy": [
              {
                "enabled": false,
                "provider": "PROVIDER_UNSPECIFIED"
              }
            ],
            "networking_mode": "VPC_NATIVE",
            "node_config": [],
            "node_locations": [],
            "node_pool": [],
            "node_pool_auto_config": [],
            "node_pool_defaults": [
              {
                "node_config_defaults": [
                  {
                    "containerd_config": [],
                    "gcfs_config": [],
                    "insecure_kubelet_readonly_port_enabled": "FALSE",
                    "logging_variant": "DEFAULT"
                  }
                ]
              }
            ],
            "node_version": "1.31.6-gke.1020000",
            "notification_config": [
              {
                "pubsub": [
                  {
                    "enabled": false,
                    "filter": [],
                    "topic": ""
                  }
                ]
              }
            ],
            "operation": null,
            "private_cluster_config": [
              {
                "enable_private_endpoint": false,
                "enable_private_nodes": false,
                "master_global_access_config": [
                  {
                    "enabled": false
                  }
                ],
                "master_ipv4_cidr_block": "",
                "peering_name": "",
                "private_endpoint": "10.128.15.200",
                "private_endpoint_subnetwork": "",
                "public_endpoint": "34.59.145.113"
              }
            ],
            "private_ipv6_google_access": "",
            "project": "kubernetes-assignment-454116",
            "release_channel": [
              {
                "channel": "REGULAR"
              }
            ],
            "remove_default_node_pool": true,
            "resource_labels": null,
            "resource_usage_export_config": [],
            "secret_manager_config": [
              {
                "enabled": false
              }
            ],
            "security_posture_config": [
              {
                "mode": "BASIC",
                "vulnerability_mode": "VULNERABILITY_MODE_UNSPECIFIED"
              }
            ],
            "self_link": "https://container.googleapis.com/v1/projects/kubernetes-assignment-454116/zones/us-central1-a/clusters/ekta-gke-cluster",
            "service_external_ips_config": [
              {
                "enabled": false
              }
            ],
            "services_ipv4_cidr": "34.118.224.0/20",
            "subnetwork": "projects/kubernetes-assignment-454116/regions/us-central1/subnetworks/default",
            "terraform_labels": {
              "goog-terraform-provisioned": "true"
            },
            "timeouts": null,
            "tpu_ipv4_cidr_block": "",
            "user_managed_keys_config": [],
            "vertical_pod_autoscaling": [],
            "workload_identity_config": []
          },
          "sensitive_attributes": [],
          "private": "eyJlMmJmYjczMC1lY2FhLTExZTYtOGY4OC0zNDM2M2JjN2M0YzAiOnsiY3JlYXRlIjoyNDAwMDAwMDAwMDAwLCJkZWxldGUiOjI0MDAwMDAwMDAwMDAsInJlYWQiOjI0MDAwMDAwMDAwMDAsInVwZGF0ZSI6MzYwMDAwMDAwMDAwMH0sInNjaGVtYV92ZXJzaW9uIjoiMiJ9"
        }
      ]
    },
    {
      "mode": "managed",
      "type": "google_container_node_pool",
      "name": "primary_nodes",
      "provider": "provider[\"registry.terraform.io/hashicorp/google\"]",
      "instances": [
        {
          "schema_version": 1,
          "attributes": {
            "autoscaling": [],
            "cluster": "ekta-gke-cluster",
            "id": "projects/kubernetes-assignment-454116/locations/us-central1-a/clusters/ekta-gke-cluster/nodePools/ekta-node-pool",
            "initial_node_count": 1,
            "instance_group_urls": [
              "https://www.googleapis.com/compute/v1/projects/kubernetes-assignment-454116/zones/us-central1-a/instanceGroupManagers/gke-ekta-gke-cluster-ekta-node-pool-84f50198-grp"
            ],
            "location": "us-central1-a",
            "managed_instance_group_urls": [
              "https://www.googleapis.com/compute/v1/projects/kubernetes-assignment-454116/zones/us-central1-a/instanceGroups/gke-ekta-gke-cluster-ekta-node-pool-84f50198-grp"
            ],
            "management": [
              {
                "auto_repair": true,
                "auto_upgrade": true
              }
            ],
            "max_pods_per_node": 110,
            "name": "ekta-node-pool",
            "name_prefix": "",
            "network_config": [
              {
                "additional_node_network_configs": [],
                "additional_pod_network_configs": [],
                "create_pod_range": false,
                "enable_private_nodes": false,
                "network_performance_config": [],
                "pod_cidr_overprovision_config": [],
                "pod_ipv4_cidr_block": "10.8.0.0/14",
                "pod_range": "gke-ekta-gke-cluster-pods-ccca8a1e"
              }
            ],
            "node_config": [
              {
                "advanced_machine_features": [],
                "boot_disk_kms_key": "",
                "confidential_nodes": [],
                "containerd_config": [],
                "disk_size_gb": 10,
                "disk_type": "pd-standard",
                "effective_taints": [],
                "enable_confidential_storage": false,
                "ephemeral_storage_local_ssd_config": [],
                "fast_socket": [],
                "gcfs_config": [],
                "guest_accelerator": [],
                "gvnic": [],
                "host_maintenance_policy": [],
                "image_type": "COS_CONTAINERD",
                "kubelet_config": [
                  {
                    "allowed_unsafe_sysctls": [],
                    "container_log_max_files": 0,
                    "container_log_max_size": "",
                    "cpu_cfs_quota": false,
                    "cpu_cfs_quota_period": "",
                    "cpu_manager_policy": "",
                    "image_gc_high_threshold_percent": 0,
                    "image_gc_low_threshold_percent": 0,
                    "image_maximum_gc_age": "",
                    "image_minimum_gc_age": "",
                    "insecure_kubelet_readonly_port_enabled": "TRUE",
                    "pod_pids_limit": 0
                  }
                ],
                "labels": {},
                "linux_node_config": [],
                "local_nvme_ssd_block_config": [],
                "local_ssd_count": 0,
                "local_ssd_encryption_mode": "",
                "logging_variant": "DEFAULT",
                "machine_type": "e2-medium",
                "max_run_duration": "",
                "metadata": {
                  "disable-legacy-endpoints": "true"
                },
                "min_cpu_platform": "",
                "node_group": "",
                "oauth_scopes": [
                  "https://www.googleapis.com/auth/cloud-platform"
                ],
                "preemptible": false,
                "reservation_affinity": [],
                "resource_labels": {
                  "goog-gke-node-pool-provisioning-model": "on-demand"
                },
                "resource_manager_tags": null,
                "secondary_boot_disks": [],
                "service_account": "default",
                "shielded_instance_config": [
                  {
                    "enable_integrity_monitoring": true,
                    "enable_secure_boot": false
                  }
                ],
                "sole_tenant_config": [],
                "spot": false,
                "storage_pools": null,
                "tags": null,
                "taint": [],
                "workload_metadata_config": []
              }
            ],
            "node_count": 1,
            "node_locations": [
              "us-central1-a"
            ],
            "operation": null,
            "placement_policy": [],
            "project": "kubernetes-assignment-454116",
            "queued_provisioning": [],
            "timeouts": null,
            "upgrade_settings": [
              {
                "blue_green_settings": [],
                "max_surge": 1,
                "max_unavailable": 0,
                "strategy": "SURGE"
              }
            ],
            "version": "1.31.6-gke.1020000"
          },
          "sensitive_attributes": [],
          "private": "eyJlMmJmYjczMC1lY2FhLTExZTYtOGY4OC0zNDM2M2JjN2M0YzAiOnsiY3JlYXRlIjoxODAwMDAwMDAwMDAwLCJkZWxldGUiOjE4MDAwMDAwMDAwMDAsInVwZGF0ZSI6MTgwMDAwMDAwMDAwMH0sInNjaGVtYV92ZXJzaW9uIjoiMSJ9",
          "dependencies": [
            "google_container_cluster.gke_cluster"
          ]
        }
      ]
    }
  ],
  "check_results": null
}
